// !$*UTF8*$!
{
	archiveVersion = 1;
	classes = {
	};
	objectVersion = 50;
	objects = {

/* Begin PBXBuildFile section */
		BC3D5A0E25D28E37002B7880 /* AppDelegate.swift in Sources */ = {isa = PBXBuildFile; fileRef = BC3D5A0D25D28E37002B7880 /* AppDelegate.swift */; };
		BC3D5A1025D28E37002B7880 /* SceneDelegate.swift in Sources */ = {isa = PBXBuildFile; fileRef = BC3D5A0F25D28E37002B7880 /* SceneDelegate.swift */; };
		BC3D5A1225D28E37002B7880 /* ViewController.swift in Sources */ = {isa = PBXBuildFile; fileRef = BC3D5A1125D28E37002B7880 /* ViewController.swift */; };
		BC3D5A1525D28E37002B7880 /* Main.storyboard in Resources */ = {isa = PBXBuildFile; fileRef = BC3D5A1325D28E37002B7880 /* Main.storyboard */; };
		BC3D5A1725D28E3A002B7880 /* Assets.xcassets in Resources */ = {isa = PBXBuildFile; fileRef = BC3D5A1625D28E3A002B7880 /* Assets.xcassets */; };
		BC3D5A1A25D28E3A002B7880 /* LaunchScreen.storyboard in Resources */ = {isa = PBXBuildFile; fileRef = BC3D5A1825D28E3A002B7880 /* LaunchScreen.storyboard */; };
/* End PBXBuildFile section */

/* Begin PBXFileReference section */
		BC3D5A0A25D28E37002B7880 /* ProjectDemo.app */ = {isa = PBXFileReference; explicitFileType = wrapper.application; includeInIndex = 0; path = ProjectDemo.app; sourceTree = BUILT_PRODUCTS_DIR; };
		BC3D5A0D25D28E37002B7880 /* AppDelegate.swift */ = {isa = PBXFileReference; lastKnownFileType = sourcecode.swift; path = AppDelegate.swift; sourceTree = "<group>"; };
		BC3D5A0F25D28E37002B7880 /* SceneDelegate.swift */ = {isa = PBXFileReference; lastKnownFileType = sourcecode.swift; path = SceneDelegate.swift; sourceTree = "<group>"; };
		BC3D5A1125D28E37002B7880 /* ViewController.swift */ = {isa = PBXFileReference; lastKnownFileType = sourcecode.swift; path = ViewController.swift; sourceTree = "<group>"; };
		BC3D5A1425D28E37002B7880 /* Base */ = {isa = PBXFileReference; lastKnownFileType = file.storyboard; name = Base; path = Base.lproj/Main.storyboard; sourceTree = "<group>"; };
		BC3D5A1625D28E3A002B7880 /* Assets.xcassets */ = {isa = PBXFileReference; lastKnownFileType = folder.assetcatalog; path = Assets.xcassets; sourceTree = "<group>"; };
		BC3D5A1925D28E3A002B7880 /* Base */ = {isa = PBXFileReference; lastKnownFileType = file.storyboard; name = Base; path = Base.lproj/LaunchScreen.storyboard; sourceTree = "<group>"; };
		BC3D5A1B25D28E3A002B7880 /* Info.plist */ = {isa = PBXFileReference; lastKnownFileType = text.plist.xml; path = Info.plist; sourceTree = "<group>"; };
/* End PBXFileReference section */

/* Begin PBXFrameworksBuildPhase section */
		BC3D5A0725D28E37002B7880 /* Frameworks */ = {
			isa = PBXFrameworksBuildPhase;
			buildActionMask = 2147483647;
			files = (
			);
			runOnlyForDeploymentPostprocessing = 0;
		};
/* End PBXFrameworksBuildPhase section */

/* Begin PBXGroup section */
		BC3D5A0125D28E37002B7880 = {
			isa = PBXGroup;
			children = (
				BC3D5A0C25D28E37002B7880 /* ProjectDemo */,
				BC3D5A0B25D28E37002B7880 /* Products */,
			);
			sourceTree = "<group>";
		};
		BC3D5A0B25D28E37002B7880 /* Products */ = {
			isa = PBXGroup;
			children = (
				BC3D5A0A25D28E37002B7880 /* ProjectDemo.app */,
			);
			name = Products;
			sourceTree = "<group>";
		};
		BC3D5A0C25D28E37002B7880 /* ProjectDemo */ = {
			isa = PBXGroup;
			children = (
				BC3D5A3325D29148002B7880 /* Utilities */,
				BC3D5A3225D29143002B7880 /* Models */,
				BC3D5A3125D29137002B7880 /* Extensions */,
				BC3D5A2E25D290E7002B7880 /* Services */,
				BC3D5A2D25D29092002B7880 /* Supporting Files */,
				BC3D5A2B25D2903F002B7880 /* Resources */,
				BC3D5A2925D28FBF002B7880 /* Constants */,
				BC3D5A2625D28F69002B7880 /* Scenes */,
				BC3D5A2425D28F49002B7880 /* Bootstrap */,
			);
			path = ProjectDemo;
			sourceTree = "<group>";
		};
		BC3D5A2425D28F49002B7880 /* Bootstrap */ = {
			isa = PBXGroup;
			children = (
				BC3D5A0F25D28E37002B7880 /* SceneDelegate.swift */,
				BC3D5A0D25D28E37002B7880 /* AppDelegate.swift */,
				BC3D5A1825D28E3A002B7880 /* LaunchScreen.storyboard */,
			);
			path = Bootstrap;
			sourceTree = "<group>";
		};
		BC3D5A2625D28F69002B7880 /* Scenes */ = {
			isa = PBXGroup;
			children = (
				BC3D5A2A25D29000002B7880 /* Common */,
				BC3D5A2825D28FB0002B7880 /* Base */,
				BC3D5A2725D28F74002B7880 /* Home */,
			);
			path = Scenes;
			sourceTree = "<group>";
		};
		BC3D5A2725D28F74002B7880 /* Home */ = {
			isa = PBXGroup;
			children = (
				BC3D5A1125D28E37002B7880 /* ViewController.swift */,
			);
			path = Home;
			sourceTree = "<group>";
		};
		BC3D5A2825D28FB0002B7880 /* Base */ = {
			isa = PBXGroup;
			children = (
			);
			path = Base;
			sourceTree = "<group>";
		};
		BC3D5A2925D28FBF002B7880 /* Constants */ = {
			isa = PBXGroup;
			children = (
			);
			path = Constants;
			sourceTree = "<group>";
		};
		BC3D5A2A25D29000002B7880 /* Common */ = {
			isa = PBXGroup;
			children = (
			);
			path = Common;
			sourceTree = "<group>";
		};
		BC3D5A2B25D2903F002B7880 /* Resources */ = {
			isa = PBXGroup;
			children = (
				BC3D5A2C25D29065002B7880 /* Fonts */,
				BC3D5A1625D28E3A002B7880 /* Assets.xcassets */,
				BC3D5A1325D28E37002B7880 /* Main.storyboard */,
			);
			path = Resources;
			sourceTree = "<group>";
		};
		BC3D5A2C25D29065002B7880 /* Fonts */ = {
			isa = PBXGroup;
			children = (
			);
			path = Fonts;
			sourceTree = "<group>";
		};
		BC3D5A2D25D29092002B7880 /* Supporting Files */ = {
			isa = PBXGroup;
			children = (
				BC3D5A1B25D28E3A002B7880 /* Info.plist */,
			);
			path = "Supporting Files";
			sourceTree = "<group>";
		};
		BC3D5A2E25D290E7002B7880 /* Services */ = {
			isa = PBXGroup;
			children = (
				BC3D5A3025D2911E002B7880 /* Data */,
				BC3D5A2F25D290F6002B7880 /* Networking */,
			);
			path = Services;
			sourceTree = "<group>";
		};
		BC3D5A2F25D290F6002B7880 /* Networking */ = {
			isa = PBXGroup;
			children = (
			);
			path = Networking;
			sourceTree = "<group>";
		};
		BC3D5A3025D2911E002B7880 /* Data */ = {
			isa = PBXGroup;
			children = (
			);
			path = Data;
			sourceTree = "<group>";
		};
		BC3D5A3125D29137002B7880 /* Extensions */ = {
			isa = PBXGroup;
			children = (
			);
			path = Extensions;
			sourceTree = "<group>";
		};
		BC3D5A3225D29143002B7880 /* Models */ = {
			isa = PBXGroup;
			children = (
			);
			path = Models;
			sourceTree = "<group>";
		};
		BC3D5A3325D29148002B7880 /* Utilities */ = {
			isa = PBXGroup;
			children = (
			);
			path = Utilities;
			sourceTree = "<group>";
		};
/* End PBXGroup section */

/* Begin PBXNativeTarget section */
		BC3D5A0925D28E37002B7880 /* ProjectDemo */ = {
			isa = PBXNativeTarget;
			buildConfigurationList = BC3D5A1E25D28E3A002B7880 /* Build configuration list for PBXNativeTarget "ProjectDemo" */;
			buildPhases = (
				BC3D5A0625D28E37002B7880 /* Sources */,
				BC3D5A0725D28E37002B7880 /* Frameworks */,
				BC3D5A0825D28E37002B7880 /* Resources */,
			);
			buildRules = (
			);
			dependencies = (
			);
			name = ProjectDemo;
			productName = ProjectDemo;
			productReference = BC3D5A0A25D28E37002B7880 /* ProjectDemo.app */;
			productType = "com.apple.product-type.application";
		};
/* End PBXNativeTarget section */

/* Begin PBXProject section */
		BC3D5A0225D28E37002B7880 /* Project object */ = {
			isa = PBXProject;
			attributes = {
				LastSwiftUpdateCheck = 1220;
				LastUpgradeCheck = 1220;
				TargetAttributes = {
					BC3D5A0925D28E37002B7880 = {
						CreatedOnToolsVersion = 12.2;
					};
				};
			};
			buildConfigurationList = BC3D5A0525D28E37002B7880 /* Build configuration list for PBXProject "ProjectDemo" */;
			compatibilityVersion = "Xcode 9.3";
			developmentRegion = en;
			hasScannedForEncodings = 0;
			knownRegions = (
				en,
				Base,
			);
			mainGroup = BC3D5A0125D28E37002B7880;
			productRefGroup = BC3D5A0B25D28E37002B7880 /* Products */;
			projectDirPath = "";
			projectRoot = "";
			targets = (
				BC3D5A0925D28E37002B7880 /* ProjectDemo */,
			);
		};
/* End PBXProject section */

/* Begin PBXResourcesBuildPhase section */
		BC3D5A0825D28E37002B7880 /* Resources */ = {
			isa = PBXResourcesBuildPhase;
			buildActionMask = 2147483647;
			files = (
				BC3D5A1A25D28E3A002B7880 /* LaunchScreen.storyboard in Resources */,
				BC3D5A1725D28E3A002B7880 /* Assets.xcassets in Resources */,
				BC3D5A1525D28E37002B7880 /* Main.storyboard in Resources */,
			);
			runOnlyForDeploymentPostprocessing = 0;
		};
/* End PBXResourcesBuildPhase section */

/* Begin PBXSourcesBuildPhase section */
		BC3D5A0625D28E37002B7880 /* Sources */ = {
			isa = PBXSourcesBuildPhase;
			buildActionMask = 2147483647;
			files = (
				BC3D5A1225D28E37002B7880 /* ViewController.swift in Sources */,
				BC3D5A0E25D28E37002B7880 /* AppDelegate.swift in Sources */,
				BC3D5A1025D28E37002B7880 /* SceneDelegate.swift in Sources */,
			);
			runOnlyForDeploymentPostprocessing = 0;
		};
/* End PBXSourcesBuildPhase section */

/* Begin PBXVariantGroup section */
		BC3D5A1325D28E37002B7880 /* Main.storyboard */ = {
			isa = PBXVariantGroup;
			children = (
				BC3D5A1425D28E37002B7880 /* Base */,
			);
			name = Main.storyboard;
			sourceTree = "<group>";
		};
		BC3D5A1825D28E3A002B7880 /* LaunchScreen.storyboard */ = {
			isa = PBXVariantGroup;
			children = (
				BC3D5A1925D28E3A002B7880 /* Base */,
			);
			name = LaunchScreen.storyboard;
			sourceTree = "<group>";
		};
/* End PBXVariantGroup section */

/* Begin XCBuildConfiguration section */
		BC3D5A1C25D28E3A002B7880 /* Debug */ = {
			isa = XCBuildConfiguration;
			buildSettings = {
				ALWAYS_SEARCH_USER_PATHS = NO;
				CLANG_ANALYZER_NONNULL = YES;
				CLANG_ANALYZER_NUMBER_OBJECT_CONVERSION = YES_AGGRESSIVE;
				CLANG_CXX_LANGUAGE_STANDARD = "gnu++14";
				CLANG_CXX_LIBRARY = "libc++";
				CLANG_ENABLE_MODULES = YES;
				CLANG_ENABLE_OBJC_ARC = YES;
				CLANG_ENABLE_OBJC_WEAK = YES;
				CLANG_WARN_BLOCK_CAPTURE_AUTORELEASING = YES;
				CLANG_WARN_BOOL_CONVERSION = YES;
				CLANG_WARN_COMMA = YES;
				CLANG_WARN_CONSTANT_CONVERSION = YES;
				CLANG_WARN_DEPRECATED_OBJC_IMPLEMENTATIONS = YES;
				CLANG_WARN_DIRECT_OBJC_ISA_USAGE = YES_ERROR;
				CLANG_WARN_DOCUMENTATION_COMMENTS = YES;
				CLANG_WARN_EMPTY_BODY = YES;
				CLANG_WARN_ENUM_CONVERSION = YES;
				CLANG_WARN_INFINITE_RECURSION = YES;
				CLANG_WARN_INT_CONVERSION = YES;
				CLANG_WARN_NON_LITERAL_NULL_CONVERSION = YES;
				CLANG_WARN_OBJC_IMPLICIT_RETAIN_SELF = YES;
				CLANG_WARN_OBJC_LITERAL_CONVERSION = YES;
				CLANG_WARN_OBJC_ROOT_CLASS = YES_ERROR;
				CLANG_WARN_QUOTED_INCLUDE_IN_FRAMEWORK_HEADER = YES;
				CLANG_WARN_RANGE_LOOP_ANALYSIS = YES;
				CLANG_WARN_STRICT_PROTOTYPES = YES;
				CLANG_WARN_SUSPICIOUS_MOVE = YES;
				CLANG_WARN_UNGUARDED_AVAILABILITY = YES_AGGRESSIVE;
				CLANG_WARN_UNREACHABLE_CODE = YES;
				CLANG_WARN__DUPLICATE_METHOD_MATCH = YES;
				COPY_PHASE_STRIP = NO;
				DEBUG_INFORMATION_FORMAT = dwarf;
				ENABLE_STRICT_OBJC_MSGSEND = YES;
				ENABLE_TESTABILITY = YES;
				GCC_C_LANGUAGE_STANDARD = gnu11;
				GCC_DYNAMIC_NO_PIC = NO;
				GCC_NO_COMMON_BLOCKS = YES;
				GCC_OPTIMIZATION_LEVEL = 0;
				GCC_PREPROCESSOR_DEFINITIONS = (
					"DEBUG=1",
					"$(inherited)",
				);
				GCC_WARN_64_TO_32_BIT_CONVERSION = YES;
				GCC_WARN_ABOUT_RETURN_TYPE = YES_ERROR;
				GCC_WARN_UNDECLARED_SELECTOR = YES;
				GCC_WARN_UNINITIALIZED_AUTOS = YES_AGGRESSIVE;
				GCC_WARN_UNUSED_FUNCTION = YES;
				GCC_WARN_UNUSED_VARIABLE = YES;
				IPHONEOS_DEPLOYMENT_TARGET = 14.2;
				MTL_ENABLE_DEBUG_INFO = INCLUDE_SOURCE;
				MTL_FAST_MATH = YES;
				ONLY_ACTIVE_ARCH = YES;
				SDKROOT = iphoneos;
				SWIFT_ACTIVE_COMPILATION_CONDITIONS = DEBUG;
				SWIFT_OPTIMIZATION_LEVEL = "-Onone";
			};
			name = Debug;
		};
		BC3D5A1D25D28E3A002B7880 /* Release */ = {
			isa = XCBuildConfiguration;
			buildSettings = {
				ALWAYS_SEARCH_USER_PATHS = NO;
				CLANG_ANALYZER_NONNULL = YES;
				CLANG_ANALYZER_NUMBER_OBJECT_CONVERSION = YES_AGGRESSIVE;
				CLANG_CXX_LANGUAGE_STANDARD = "gnu++14";
				CLANG_CXX_LIBRARY = "libc++";
				CLANG_ENABLE_MODULES = YES;
				CLANG_ENABLE_OBJC_ARC = YES;
				CLANG_ENABLE_OBJC_WEAK = YES;
				CLANG_WARN_BLOCK_CAPTURE_AUTORELEASING = YES;
				CLANG_WARN_BOOL_CONVERSION = YES;
				CLANG_WARN_COMMA = YES;
				CLANG_WARN_CONSTANT_CONVERSION = YES;
				CLANG_WARN_DEPRECATED_OBJC_IMPLEMENTATIONS = YES;
				CLANG_WARN_DIRECT_OBJC_ISA_USAGE = YES_ERROR;
				CLANG_WARN_DOCUMENTATION_COMMENTS = YES;
				CLANG_WARN_EMPTY_BODY = YES;
				CLANG_WARN_ENUM_CONVERSION = YES;
				CLANG_WARN_INFINITE_RECURSION = YES;
				CLANG_WARN_INT_CONVERSION = YES;
				CLANG_WARN_NON_LITERAL_NULL_CONVERSION = YES;
				CLANG_WARN_OBJC_IMPLICIT_RETAIN_SELF = YES;
				CLANG_WARN_OBJC_LITERAL_CONVERSION = YES;
				CLANG_WARN_OBJC_ROOT_CLASS = YES_ERROR;
				CLANG_WARN_QUOTED_INCLUDE_IN_FRAMEWORK_HEADER = YES;
				CLANG_WARN_RANGE_LOOP_ANALYSIS = YES;
				CLANG_WARN_STRICT_PROTOTYPES = YES;
				CLANG_WARN_SUSPICIOUS_MOVE = YES;
				CLANG_WARN_UNGUARDED_AVAILABILITY = YES_AGGRESSIVE;
				CLANG_WARN_UNREACHABLE_CODE = YES;
				CLANG_WARN__DUPLICATE_METHOD_MATCH = YES;
				COPY_PHASE_STRIP = NO;
				DEBUG_INFORMATION_FORMAT = "dwarf-with-dsym";
				ENABLE_NS_ASSERTIONS = NO;
				ENABLE_STRICT_OBJC_MSGSEND = YES;
				GCC_C_LANGUAGE_STANDARD = gnu11;
				GCC_NO_COMMON_BLOCKS = YES;
				GCC_WARN_64_TO_32_BIT_CONVERSION = YES;
				GCC_WARN_ABOUT_RETURN_TYPE = YES_ERROR;
				GCC_WARN_UNDECLARED_SELECTOR = YES;
				GCC_WARN_UNINITIALIZED_AUTOS = YES_AGGRESSIVE;
				GCC_WARN_UNUSED_FUNCTION = YES;
				GCC_WARN_UNUSED_VARIABLE = YES;
				IPHONEOS_DEPLOYMENT_TARGET = 14.2;
				MTL_ENABLE_DEBUG_INFO = NO;
				MTL_FAST_MATH = YES;
				SDKROOT = iphoneos;
				SWIFT_COMPILATION_MODE = wholemodule;
				SWIFT_OPTIMIZATION_LEVEL = "-O";
				VALIDATE_PRODUCT = YES;
			};
			name = Release;
		};
		BC3D5A1F25D28E3A002B7880 /* Debug */ = {
			isa = XCBuildConfiguration;
			buildSettings = {
				ASSETCATALOG_COMPILER_APPICON_NAME = AppIcon;
				ASSETCATALOG_COMPILER_GLOBAL_ACCENT_COLOR_NAME = AccentColor;
				CODE_SIGN_STYLE = Automatic;
				INFOPLIST_FILE = ProjectDemo/Info.plist;
				LD_RUNPATH_SEARCH_PATHS = (
					"$(inherited)",
					"@executable_path/Frameworks",
				);
				PRODUCT_BUNDLE_IDENTIFIER = com.devninja.ProjectDemo;
				PRODUCT_NAME = "$(TARGET_NAME)";
				SWIFT_VERSION = 5.0;
				TARGETED_DEVICE_FAMILY = "1,2";
			};
			name = Debug;
		};
		BC3D5A2025D28E3A002B7880 /* Release */ = {
			isa = XCBuildConfiguration;
			buildSettings = {
				ASSETCATALOG_COMPILER_APPICON_NAME = AppIcon;
				ASSETCATALOG_COMPILER_GLOBAL_ACCENT_COLOR_NAME = AccentColor;
				CODE_SIGN_STYLE = Automatic;
				INFOPLIST_FILE = ProjectDemo/Info.plist;
				LD_RUNPATH_SEARCH_PATHS = (
					"$(inherited)",
					"@executable_path/Frameworks",
				);
				PRODUCT_BUNDLE_IDENTIFIER = com.devninja.ProjectDemo;
				PRODUCT_NAME = "$(TARGET_NAME)";
				SWIFT_VERSION = 5.0;
				TARGETED_DEVICE_FAMILY = "1,2";
			};
			name = Release;
		};
/* End XCBuildConfiguration section */

/* Begin XCConfigurationList section */
		BC3D5A0525D28E37002B7880 /* Build configuration list for PBXProject "ProjectDemo" */ = {
			isa = XCConfigurationList;
			buildConfigurations = (
				BC3D5A1C25D28E3A002B7880 /* Debug */,
				BC3D5A1D25D28E3A002B7880 /* Release */,
			);
			defaultConfigurationIsVisible = 0;
			defaultConfigurationName = Release;
		};
		BC3D5A1E25D28E3A002B7880 /* Build configuration list for PBXNativeTarget "ProjectDemo" */ = {
			isa = XCConfigurationList;
			buildConfigurations = (
				BC3D5A1F25D28E3A002B7880 /* Debug */,
				BC3D5A2025D28E3A002B7880 /* Release */,
			);
			defaultConfigurationIsVisible = 0;
			defaultConfigurationName = Release;
		};
/* End XCConfigurationList section */
	};
	rootObject = BC3D5A0225D28E37002B7880 /* Project object */;
}
